// !$*UTF8*$!
{
	archiveVersion = 1;
	classes = {
	};
	objectVersion = 46;
	objects = {

/* Begin PBXBuildFile section */
		9C9BFC051A38238D003DE027 /* main.m in Sources */ = {isa = PBXBuildFile; fileRef = 9C9BFC041A38238D003DE027 /* main.m */; };
		9C9BFC081A38238D003DE027 /* AppDelegate.m in Sources */ = {isa = PBXBuildFile; fileRef = 9C9BFC071A38238D003DE027 /* AppDelegate.m */; };
		9C9BFC0B1A38238D003DE027 /* Tools.xcdatamodeld in Sources */ = {isa = PBXBuildFile; fileRef = 9C9BFC091A38238D003DE027 /* Tools.xcdatamodeld */; };
		9C9BFC0E1A38238D003DE027 /* ViewController.m in Sources */ = {isa = PBXBuildFile; fileRef = 9C9BFC0D1A38238D003DE027 /* ViewController.m */; };
		9C9BFC111A38238D003DE027 /* Main.storyboard in Resources */ = {isa = PBXBuildFile; fileRef = 9C9BFC0F1A38238D003DE027 /* Main.storyboard */; };
		9C9BFC131A38238D003DE027 /* Images.xcassets in Resources */ = {isa = PBXBuildFile; fileRef = 9C9BFC121A38238D003DE027 /* Images.xcassets */; };
		9C9BFC161A38238D003DE027 /* LaunchScreen.xib in Resources */ = {isa = PBXBuildFile; fileRef = 9C9BFC141A38238D003DE027 /* LaunchScreen.xib */; };
		9C9BFC221A38238D003DE027 /* ToolsTests.m in Sources */ = {isa = PBXBuildFile; fileRef = 9C9BFC211A38238D003DE027 /* ToolsTests.m */; };
/* End PBXBuildFile section */

/* Begin PBXContainerItemProxy section */
		9C9BFC1C1A38238D003DE027 /* PBXContainerItemProxy */ = {
			isa = PBXContainerItemProxy;
			containerPortal = 9C9BFBF71A38238D003DE027 /* Project object */;
			proxyType = 1;
			remoteGlobalIDString = 9C9BFBFE1A38238D003DE027;
			remoteInfo = Tools;
		};
/* End PBXContainerItemProxy section */

/* Begin PBXFileReference section */
		9C9BFBFF1A38238D003DE027 /* Tools.app */ = {isa = PBXFileReference; explicitFileType = wrapper.application; includeInIndex = 0; path = Tools.app; sourceTree = BUILT_PRODUCTS_DIR; };
		9C9BFC031A38238D003DE027 /* Info.plist */ = {isa = PBXFileReference; lastKnownFileType = text.plist.xml; path = Info.plist; sourceTree = "<group>"; };
		9C9BFC041A38238D003DE027 /* main.m */ = {isa = PBXFileReference; lastKnownFileType = sourcecode.c.objc; path = main.m; sourceTree = "<group>"; };
		9C9BFC061A38238D003DE027 /* AppDelegate.h */ = {isa = PBXFileReference; lastKnownFileType = sourcecode.c.h; path = AppDelegate.h; sourceTree = "<group>"; };
		9C9BFC071A38238D003DE027 /* AppDelegate.m */ = {isa = PBXFileReference; lastKnownFileType = sourcecode.c.objc; path = AppDelegate.m; sourceTree = "<group>"; };
		9C9BFC0A1A38238D003DE027 /* Tools.xcdatamodel */ = {isa = PBXFileReference; lastKnownFileType = wrapper.xcdatamodel; path = Tools.xcdatamodel; sourceTree = "<group>"; };
		9C9BFC0C1A38238D003DE027 /* ViewController.h */ = {isa = PBXFileReference; lastKnownFileType = sourcecode.c.h; path = ViewController.h; sourceTree = "<group>"; };
		9C9BFC0D1A38238D003DE027 /* ViewController.m */ = {isa = PBXFileReference; lastKnownFileType = sourcecode.c.objc; path = ViewController.m; sourceTree = "<group>"; };
		9C9BFC101A38238D003DE027 /* Base */ = {isa = PBXFileReference; lastKnownFileType = file.storyboard; name = Base; path = Base.lproj/Main.storyboard; sourceTree = "<group>"; };
		9C9BFC121A38238D003DE027 /* Images.xcassets */ = {isa = PBXFileReference; lastKnownFileType = folder.assetcatalog; path = Images.xcassets; sourceTree = "<group>"; };
		9C9BFC151A38238D003DE027 /* Base */ = {isa = PBXFileReference; lastKnownFileType = file.xib; name = Base; path = Base.lproj/LaunchScreen.xib; sourceTree = "<group>"; };
		9C9BFC1B1A38238D003DE027 /* ToolsTests.xctest */ = {isa = PBXFileReference; explicitFileType = wrapper.cfbundle; includeInIndex = 0; path = ToolsTests.xctest; sourceTree = BUILT_PRODUCTS_DIR; };
		9C9BFC201A38238D003DE027 /* Info.plist */ = {isa = PBXFileReference; lastKnownFileType = text.plist.xml; path = Info.plist; sourceTree = "<group>"; };
		9C9BFC211A38238D003DE027 /* ToolsTests.m */ = {isa = PBXFileReference; lastKnownFileType = sourcecode.c.objc; path = ToolsTests.m; sourceTree = "<group>"; };
/* End PBXFileReference section */

/* Begin PBXFrameworksBuildPhase section */
		9C9BFBFC1A38238D003DE027 /* Frameworks */ = {
			isa = PBXFrameworksBuildPhase;
			buildActionMask = 2147483647;
			files = (
			);
			runOnlyForDeploymentPostprocessing = 0;
		};
		9C9BFC181A38238D003DE027 /* Frameworks */ = {
			isa = PBXFrameworksBuildPhase;
			buildActionMask = 2147483647;
			files = (
			);
			runOnlyForDeploymentPostprocessing = 0;
		};
/* End PBXFrameworksBuildPhase section */

/* Begin PBXGroup section */
		9C9BFBF61A38238D003DE027 = {
			isa = PBXGroup;
			children = (
				9C9BFC011A38238D003DE027 /* Tools */,
				9C9BFC1E1A38238D003DE027 /* ToolsTests */,
				9C9BFC001A38238D003DE027 /* Products */,
			);
			sourceTree = "<group>";
		};
		9C9BFC001A38238D003DE027 /* Products */ = {
			isa = PBXGroup;
			children = (
				9C9BFBFF1A38238D003DE027 /* Tools.app */,
				9C9BFC1B1A38238D003DE027 /* ToolsTests.xctest */,
			);
			name = Products;
			sourceTree = "<group>";
		};
		9C9BFC011A38238D003DE027 /* Tools */ = {
			isa = PBXGroup;
			children = (
				9C9BFC061A38238D003DE027 /* AppDelegate.h */,
				9C9BFC071A38238D003DE027 /* AppDelegate.m */,
				9C9BFC0C1A38238D003DE027 /* ViewController.h */,
				9C9BFC0D1A38238D003DE027 /* ViewController.m */,
				9C9BFC0F1A38238D003DE027 /* Main.storyboard */,
				9C9BFC121A38238D003DE027 /* Images.xcassets */,
				9C9BFC141A38238D003DE027 /* LaunchScreen.xib */,
				9C9BFC091A38238D003DE027 /* Tools.xcdatamodeld */,
				9C9BFC021A38238D003DE027 /* Supporting Files */,
			);
			path = Tools;
			sourceTree = "<group>";
		};
		9C9BFC021A38238D003DE027 /* Supporting Files */ = {
			isa = PBXGroup;
			children = (
				9C9BFC031A38238D003DE027 /* Info.plist */,
				9C9BFC041A38238D003DE027 /* main.m */,
			);
			name = "Supporting Files";
			sourceTree = "<group>";
		};
		9C9BFC1E1A38238D003DE027 /* ToolsTests */ = {
			isa = PBXGroup;
			children = (
				9C9BFC211A38238D003DE027 /* ToolsTests.m */,
				9C9BFC1F1A38238D003DE027 /* Supporting Files */,
			);
			path = ToolsTests;
			sourceTree = "<group>";
		};
		9C9BFC1F1A38238D003DE027 /* Supporting Files */ = {
			isa = PBXGroup;
			children = (
				9C9BFC201A38238D003DE027 /* Info.plist */,
			);
			name = "Supporting Files";
			sourceTree = "<group>";
		};
/* End PBXGroup section */

/* Begin PBXNativeTarget section */
		9C9BFBFE1A38238D003DE027 /* Tools */ = {
			isa = PBXNativeTarget;
			buildConfigurationList = 9C9BFC251A38238D003DE027 /* Build configuration list for PBXNativeTarget "Tools" */;
			buildPhases = (
				9C9BFBFB1A38238D003DE027 /* Sources */,
				9C9BFBFC1A38238D003DE027 /* Frameworks */,
				9C9BFBFD1A38238D003DE027 /* Resources */,
			);
			buildRules = (
			);
			dependencies = (
			);
			name = Tools;
			productName = Tools;
			productReference = 9C9BFBFF1A38238D003DE027 /* Tools.app */;
			productType = "com.apple.product-type.application";
		};
		9C9BFC1A1A38238D003DE027 /* ToolsTests */ = {
			isa = PBXNativeTarget;
			buildConfigurationList = 9C9BFC281A38238D003DE027 /* Build configuration list for PBXNativeTarget "ToolsTests" */;
			buildPhases = (
				9C9BFC171A38238D003DE027 /* Sources */,
				9C9BFC181A38238D003DE027 /* Frameworks */,
				9C9BFC191A38238D003DE027 /* Resources */,
			);
			buildRules = (
			);
			dependencies = (
				9C9BFC1D1A38238D003DE027 /* PBXTargetDependency */,
			);
			name = ToolsTests;
			productName = ToolsTests;
			productReference = 9C9BFC1B1A38238D003DE027 /* ToolsTests.xctest */;
			productType = "com.apple.product-type.bundle.unit-test";
		};
/* End PBXNativeTarget section */

/* Begin PBXProject section */
		9C9BFBF71A38238D003DE027 /* Project object */ = {
			isa = PBXProject;
			attributes = {
				LastUpgradeCheck = 0610;
				ORGANIZATIONNAME = zhanghonghuan;
				TargetAttributes = {
					9C9BFBFE1A38238D003DE027 = {
						CreatedOnToolsVersion = 6.1.1;
					};
					9C9BFC1A1A38238D003DE027 = {
						CreatedOnToolsVersion = 6.1.1;
						TestTargetID = 9C9BFBFE1A38238D003DE027;
					};
				};
			};
			buildConfigurationList = 9C9BFBFA1A38238D003DE027 /* Build configuration list for PBXProject "Tools" */;
			compatibilityVersion = "Xcode 3.2";
			developmentRegion = English;
			hasScannedForEncodings = 0;
			knownRegions = (
				en,
				Base,
			);
			mainGroup = 9C9BFBF61A38238D003DE027;
			productRefGroup = 9C9BFC001A38238D003DE027 /* Products */;
			projectDirPath = "";
			projectRoot = "";
			targets = (
				9C9BFBFE1A38238D003DE027 /* Tools */,
				9C9BFC1A1A38238D003DE027 /* ToolsTests */,
			);
		};
/* End PBXProject section */

/* Begin PBXResourcesBuildPhase section */
		9C9BFBFD1A38238D003DE027 /* Resources */ = {
			isa = PBXResourcesBuildPhase;
			buildActionMask = 2147483647;
			files = (
				9C9BFC111A38238D003DE027 /* Main.storyboard in Resources */,
				9C9BFC161A38238D003DE027 /* LaunchScreen.xib in Resources */,
				9C9BFC131A38238D003DE027 /* Images.xcassets in Resources */,
			);
			runOnlyForDeploymentPostprocessing = 0;
		};
		9C9BFC191A38238D003DE027 /* Resources */ = {
			isa = PBXResourcesBuildPhase;
			buildActionMask = 2147483647;
			files = (
			);
			runOnlyForDeploymentPostprocessing = 0;
		};
/* End PBXResourcesBuildPhase section */

/* Begin PBXSourcesBuildPhase section */
		9C9BFBFB1A38238D003DE027 /* Sources */ = {
			isa = PBXSourcesBuildPhase;
			buildActionMask = 2147483647;
			files = (
				9C9BFC081A38238D003DE027 /* AppDelegate.m in Sources */,
				9C9BFC0B1A38238D003DE027 /* Tools.xcdatamodeld in Sources */,
				9C9BFC0E1A38238D003DE027 /* ViewController.m in Sources */,
				9C9BFC051A38238D003DE027 /* main.m in Sources */,
			);
			runOnlyForDeploymentPostprocessing = 0;
		};
		9C9BFC171A38238D003DE027 /* Sources */ = {
			isa = PBXSourcesBuildPhase;
			buildActionMask = 2147483647;
			files = (
				9C9BFC221A38238D003DE027 /* ToolsTests.m in Sources */,
			);
			runOnlyForDeploymentPostprocessing = 0;
		};
/* End PBXSourcesBuildPhase section */

/* Begin PBXTargetDependency section */
		9C9BFC1D1A38238D003DE027 /* PBXTargetDependency */ = {
			isa = PBXTargetDependency;
			target = 9C9BFBFE1A38238D003DE027 /* Tools */;
			targetProxy = 9C9BFC1C1A38238D003DE027 /* PBXContainerItemProxy */;
		};
/* End PBXTargetDependency section */

/* Begin PBXVariantGroup section */
		9C9BFC0F1A38238D003DE027 /* Main.storyboard */ = {
			isa = PBXVariantGroup;
			children = (
				9C9BFC101A38238D003DE027 /* Base */,
			);
			name = Main.storyboard;
			sourceTree = "<group>";
		};
		9C9BFC141A38238D003DE027 /* LaunchScreen.xib */ = {
			isa = PBXVariantGroup;
			children = (
				9C9BFC151A38238D003DE027 /* Base */,
			);
			name = LaunchScreen.xib;
			sourceTree = "<group>";
		};
/* End PBXVariantGroup section */

/* Begin XCBuildConfiguration section */
		9C9BFC231A38238D003DE027 /* Debug */ = {
			isa = XCBuildConfiguration;
			buildSettings = {
				ALWAYS_SEARCH_USER_PATHS = NO;
				CLANG_CXX_LANGUAGE_STANDARD = "gnu++0x";
				CLANG_CXX_LIBRARY = "libc++";
				CLANG_ENABLE_MODULES = YES;
				CLANG_ENABLE_OBJC_ARC = YES;
				CLANG_WARN_BOOL_CONVERSION = YES;
				CLANG_WARN_CONSTANT_CONVERSION = YES;
				CLANG_WARN_DIRECT_OBJC_ISA_USAGE = YES_ERROR;
				CLANG_WARN_EMPTY_BODY = YES;
				CLANG_WARN_ENUM_CONVERSION = YES;
				CLANG_WARN_INT_CONVERSION = YES;
				CLANG_WARN_OBJC_ROOT_CLASS = YES_ERROR;
				CLANG_WARN_UNREACHABLE_CODE = YES;
				CLANG_WARN__DUPLICATE_METHOD_MATCH = YES;
				"CODE_SIGN_IDENTITY[sdk=iphoneos*]" = "iPhone Developer";
				COPY_PHASE_STRIP = NO;
				ENABLE_STRICT_OBJC_MSGSEND = YES;
				GCC_C_LANGUAGE_STANDARD = gnu99;
				GCC_DYNAMIC_NO_PIC = NO;
				GCC_OPTIMIZATION_LEVEL = 0;
				GCC_PREPROCESSOR_DEFINITIONS = (
					"DEBUG=1",
					"$(inherited)",
				);
				GCC_SYMBOLS_PRIVATE_EXTERN = NO;
				GCC_WARN_64_TO_32_BIT_CONVERSION = YES;
				GCC_WARN_ABOUT_RETURN_TYPE = YES_ERROR;
				GCC_WARN_UNDECLARED_SELECTOR = YES;
				GCC_WARN_UNINITIALIZED_AUTOS = YES_AGGRESSIVE;
				GCC_WARN_UNUSED_FUNCTION = YES;
				GCC_WARN_UNUSED_VARIABLE = YES;
				IPHONEOS_DEPLOYMENT_TARGET = 8.1;
				MTL_ENABLE_DEBUG_INFO = YES;
				ONLY_ACTIVE_ARCH = YES;
				SDKROOT = iphoneos;
			};
			name = Debug;
		};
		9C9BFC241A38238D003DE027 /* Release */ = {
			isa = XCBuildConfiguration;
			buildSettings = {
				ALWAYS_SEARCH_USER_PATHS = NO;
				CLANG_CXX_LANGUAGE_STANDARD = "gnu++0x";
				CLANG_CXX_LIBRARY = "libc++";
				CLANG_ENABLE_MODULES = YES;
				CLANG_ENABLE_OBJC_ARC = YES;
				CLANG_WARN_BOOL_CONVERSION = YES;
				CLANG_WARN_CONSTANT_CONVERSION = YES;
				CLANG_WARN_DIRECT_OBJC_ISA_USAGE = YES_ERROR;
				CLANG_WARN_EMPTY_BODY = YES;
				CLANG_WARN_ENUM_CONVERSION = YES;
				CLANG_WARN_INT_CONVERSION = YES;
				CLANG_WARN_OBJC_ROOT_CLASS = YES_ERROR;
				CLANG_WARN_UNREACHABLE_CODE = YES;
				CLANG_WARN__DUPLICATE_METHOD_MATCH = YES;
				"CODE_SIGN_IDENTITY[sdk=iphoneos*]" = "iPhone Developer";
				COPY_PHASE_STRIP = YES;
				ENABLE_NS_ASSERTIONS = NO;
				ENABLE_STRICT_OBJC_MSGSEND = YES;
				GCC_C_LANGUAGE_STANDARD = gnu99;
				GCC_WARN_64_TO_32_BIT_CONVERSION = YES;
				GCC_WARN_ABOUT_RETURN_TYPE = YES_ERROR;
				GCC_WARN_UNDECLARED_SELECTOR = YES;
				GCC_WARN_UNINITIALIZED_AUTOS = YES_AGGRESSIVE;
				GCC_WARN_UNUSED_FUNCTION = YES;
				GCC_WARN_UNUSED_VARIABLE = YES;
				IPHONEOS_DEPLOYMENT_TARGET = 8.1;
				MTL_ENABLE_DEBUG_INFO = NO;
				SDKROOT = iphoneos;
				VALIDATE_PRODUCT = YES;
			};
			name = Release;
		};
		9C9BFC261A38238D003DE027 /* Debug */ = {
			isa = XCBuildConfiguration;
			buildSettings = {
				ASSETCATALOG_COMPILER_APPICON_NAME = AppIcon;
				INFOPLIST_FILE = Tools/Info.plist;
				LD_RUNPATH_SEARCH_PATHS = "$(inherited) @executable_path/Frameworks";
				PRODUCT_NAME = "$(TARGET_NAME)";
			};
			name = Debug;
		};
		9C9BFC271A38238D003DE027 /* Release */ = {
			isa = XCBuildConfiguration;
			buildSettings = {
				ASSETCATALOG_COMPILER_APPICON_NAME = AppIcon;
				INFOPLIST_FILE = Tools/Info.plist;
				LD_RUNPATH_SEARCH_PATHS = "$(inherited) @executable_path/Frameworks";
				PRODUCT_NAME = "$(TARGET_NAME)";
			};
			name = Release;
		};
		9C9BFC291A38238D003DE027 /* Debug */ = {
			isa = XCBuildConfiguration;
			buildSettings = {
				BUNDLE_LOADER = "$(TEST_HOST)";
				FRAMEWORK_SEARCH_PATHS = (
					"$(SDKROOT)/Developer/Library/Frameworks",
					"$(inherited)",
				);
				GCC_PREPROCESSOR_DEFINITIONS = (
					"DEBUG=1",
					"$(inherited)",
				);
				INFOPLIST_FILE = ToolsTests/Info.plist;
				LD_RUNPATH_SEARCH_PATHS = "$(inherited) @executable_path/Frameworks @loader_path/Frameworks";
				PRODUCT_NAME = "$(TARGET_NAME)";
				TEST_HOST = "$(BUILT_PRODUCTS_DIR)/Tools.app/Tools";
			};
			name = Debug;
		};
		9C9BFC2A1A38238D003DE027 /* Release */ = {
			isa = XCBuildConfiguration;
			buildSettings = {
				BUNDLE_LOADER = "$(TEST_HOST)";
				FRAMEWORK_SEARCH_PATHS = (
					"$(SDKROOT)/Developer/Library/Frameworks",
					"$(inherited)",
				);
				INFOPLIST_FILE = ToolsTests/Info.plist;
				LD_RUNPATH_SEARCH_PATHS = "$(inherited) @executable_path/Frameworks @loader_path/Frameworks";
				PRODUCT_NAME = "$(TARGET_NAME)";
				TEST_HOST = "$(BUILT_PRODUCTS_DIR)/Tools.app/Tools";
			};
			name = Release;
		};
/* End XCBuildConfiguration section */

/* Begin XCConfigurationList section */
		9C9BFBFA1A38238D003DE027 /* Build configuration list for PBXProject "Tools" */ = {
			isa = XCConfigurationList;
			buildConfigurations = (
				9C9BFC231A38238D003DE027 /* Debug */,
				9C9BFC241A38238D003DE027 /* Release */,
			);
			defaultConfigurationIsVisible = 0;
			defaultConfigurationName = Release;
		};
		9C9BFC251A38238D003DE027 /* Build configuration list for PBXNativeTarget "Tools" */ = {
			isa = XCConfigurationList;
			buildConfigurations = (
				9C9BFC261A38238D003DE027 /* Debug */,
				9C9BFC271A38238D003DE027 /* Release */,
			);
			defaultConfigurationIsVisible = 0;
		};
		9C9BFC281A38238D003DE027 /* Build configuration list for PBXNativeTarget "ToolsTests" */ = {
			isa = XCConfigurationList;
			buildConfigurations = (
				9C9BFC291A38238D003DE027 /* Debug */,
				9C9BFC2A1A38238D003DE027 /* Release */,
			);
			defaultConfigurationIsVisible = 0;
		};
/* End XCConfigurationList section */

/* Begin XCVersionGroup section */
		9C9BFC091A38238D003DE027 /* Tools.xcdatamodeld */ = {
			isa = XCVersionGroup;
			children = (
				9C9BFC0A1A38238D003DE027 /* Tools.xcdatamodel */,
			);
			currentVersion = 9C9BFC0A1A38238D003DE027 /* Tools.xcdatamodel */;
			path = Tools.xcdatamodeld;
			sourceTree = "<group>";
			versionGroupType = wrapper.xcdatamodel;
		};
/* End XCVersionGroup section */
	};
	rootObject = 9C9BFBF71A38238D003DE027 /* Project object */;
}
